// !$*UTF8*$!
{
	archiveVersion = 1;
	classes = {
	};
	objectVersion = 56;
	objects = {

/* Begin PBXBuildFile section */
		E6D6A65F2A644E650013F7C9 /* AppDelegate.swift in Sources */ = {isa = PBXBuildFile; fileRef = E6D6A65E2A644E650013F7C9 /* AppDelegate.swift */; };
		E6D6A6612A644E650013F7C9 /* SceneDelegate.swift in Sources */ = {isa = PBXBuildFile; fileRef = E6D6A6602A644E650013F7C9 /* SceneDelegate.swift */; };
		E6D6A6632A644E650013F7C9 /* ViewController.swift in Sources */ = {isa = PBXBuildFile; fileRef = E6D6A6622A644E650013F7C9 /* ViewController.swift */; };
		E6D6A6662A644E650013F7C9 /* Auth.storyboard in Resources */ = {isa = PBXBuildFile; fileRef = E6D6A6642A644E650013F7C9 /* Auth.storyboard */; };
		E6D6A6682A644E670013F7C9 /* Assets.xcassets in Resources */ = {isa = PBXBuildFile; fileRef = E6D6A6672A644E670013F7C9 /* Assets.xcassets */; };
		E6D6A66B2A644E670013F7C9 /* LaunchScreen.storyboard in Resources */ = {isa = PBXBuildFile; fileRef = E6D6A6692A644E670013F7C9 /* LaunchScreen.storyboard */; };
		E6D6A6732A644E8A0013F7C9 /* AppCoordinator.swift in Sources */ = {isa = PBXBuildFile; fileRef = E6D6A6722A644E8A0013F7C9 /* AppCoordinator.swift */; };
		E6D6A6752A644EA30013F7C9 /* Coordinator.swift in Sources */ = {isa = PBXBuildFile; fileRef = E6D6A6742A644EA30013F7C9 /* Coordinator.swift */; };
		E6D6A6862A6458CF0013F7C9 /* ViewModel.swift in Sources */ = {isa = PBXBuildFile; fileRef = E6D6A6852A6458CF0013F7C9 /* ViewModel.swift */; };
		E6D6A6892A6462D20013F7C9 /* AuthCoordinator.swift in Sources */ = {isa = PBXBuildFile; fileRef = E6D6A6882A6462D20013F7C9 /* AuthCoordinator.swift */; };
		E6D6A68C2A646ADF0013F7C9 /* HomeCoordinator.swift in Sources */ = {isa = PBXBuildFile; fileRef = E6D6A68B2A646ADF0013F7C9 /* HomeCoordinator.swift */; };
		E6D6A68E2A646BA50013F7C9 /* HomeViewModel.swift in Sources */ = {isa = PBXBuildFile; fileRef = E6D6A68D2A646BA50013F7C9 /* HomeViewModel.swift */; };
		E6D6A6902A646E530013F7C9 /* Home.storyboard in Resources */ = {isa = PBXBuildFile; fileRef = E6D6A68F2A646E530013F7C9 /* Home.storyboard */; };
		E6D6A6922A646E6B0013F7C9 /* HomeViewController.swift in Sources */ = {isa = PBXBuildFile; fileRef = E6D6A6912A646E6B0013F7C9 /* HomeViewController.swift */; };
/* End PBXBuildFile section */

/* Begin PBXFileReference section */
		E6D6A65B2A644E650013F7C9 /* MVVMCExample.app */ = {isa = PBXFileReference; explicitFileType = wrapper.application; includeInIndex = 0; path = MVVMCExample.app; sourceTree = BUILT_PRODUCTS_DIR; };
		E6D6A65E2A644E650013F7C9 /* AppDelegate.swift */ = {isa = PBXFileReference; lastKnownFileType = sourcecode.swift; path = AppDelegate.swift; sourceTree = "<group>"; };
		E6D6A6602A644E650013F7C9 /* SceneDelegate.swift */ = {isa = PBXFileReference; lastKnownFileType = sourcecode.swift; path = SceneDelegate.swift; sourceTree = "<group>"; };
		E6D6A6622A644E650013F7C9 /* ViewController.swift */ = {isa = PBXFileReference; lastKnownFileType = sourcecode.swift; path = ViewController.swift; sourceTree = "<group>"; };
		E6D6A6652A644E650013F7C9 /* Base */ = {isa = PBXFileReference; lastKnownFileType = file.storyboard; name = Base; path = Base.lproj/Auth.storyboard; sourceTree = "<group>"; };
		E6D6A6672A644E670013F7C9 /* Assets.xcassets */ = {isa = PBXFileReference; lastKnownFileType = folder.assetcatalog; path = Assets.xcassets; sourceTree = "<group>"; };
		E6D6A66A2A644E670013F7C9 /* Base */ = {isa = PBXFileReference; lastKnownFileType = file.storyboard; name = Base; path = Base.lproj/LaunchScreen.storyboard; sourceTree = "<group>"; };
		E6D6A66C2A644E670013F7C9 /* Info.plist */ = {isa = PBXFileReference; lastKnownFileType = text.plist.xml; path = Info.plist; sourceTree = "<group>"; };
		E6D6A6722A644E8A0013F7C9 /* AppCoordinator.swift */ = {isa = PBXFileReference; lastKnownFileType = sourcecode.swift; path = AppCoordinator.swift; sourceTree = "<group>"; };
		E6D6A6742A644EA30013F7C9 /* Coordinator.swift */ = {isa = PBXFileReference; lastKnownFileType = sourcecode.swift; path = Coordinator.swift; sourceTree = "<group>"; };
		E6D6A6852A6458CF0013F7C9 /* ViewModel.swift */ = {isa = PBXFileReference; lastKnownFileType = sourcecode.swift; path = ViewModel.swift; sourceTree = "<group>"; };
		E6D6A6882A6462D20013F7C9 /* AuthCoordinator.swift */ = {isa = PBXFileReference; lastKnownFileType = sourcecode.swift; path = AuthCoordinator.swift; sourceTree = "<group>"; };
		E6D6A68B2A646ADF0013F7C9 /* HomeCoordinator.swift */ = {isa = PBXFileReference; lastKnownFileType = sourcecode.swift; path = HomeCoordinator.swift; sourceTree = "<group>"; };
		E6D6A68D2A646BA50013F7C9 /* HomeViewModel.swift */ = {isa = PBXFileReference; lastKnownFileType = sourcecode.swift; path = HomeViewModel.swift; sourceTree = "<group>"; };
		E6D6A68F2A646E530013F7C9 /* Home.storyboard */ = {isa = PBXFileReference; lastKnownFileType = file.storyboard; path = Home.storyboard; sourceTree = "<group>"; };
		E6D6A6912A646E6B0013F7C9 /* HomeViewController.swift */ = {isa = PBXFileReference; lastKnownFileType = sourcecode.swift; path = HomeViewController.swift; sourceTree = "<group>"; };
/* End PBXFileReference section */

/* Begin PBXFrameworksBuildPhase section */
		E6D6A6582A644E650013F7C9 /* Frameworks */ = {
			isa = PBXFrameworksBuildPhase;
			buildActionMask = 2147483647;
			files = (
			);
			runOnlyForDeploymentPostprocessing = 0;
		};
/* End PBXFrameworksBuildPhase section */

/* Begin PBXGroup section */
		E6D6A6522A644E650013F7C9 = {
			isa = PBXGroup;
			children = (
				E6D6A65D2A644E650013F7C9 /* MVVMCExample */,
				E6D6A65C2A644E650013F7C9 /* Products */,
			);
			sourceTree = "<group>";
		};
		E6D6A65C2A644E650013F7C9 /* Products */ = {
			isa = PBXGroup;
			children = (
				E6D6A65B2A644E650013F7C9 /* MVVMCExample.app */,
			);
			name = Products;
			sourceTree = "<group>";
		};
		E6D6A65D2A644E650013F7C9 /* MVVMCExample */ = {
			isa = PBXGroup;
			children = (
				E6D6A68A2A646ACD0013F7C9 /* HomeCoordinator */,
				E6D6A6872A6462B80013F7C9 /* AuthCoordinator */,
				E6D6A65E2A644E650013F7C9 /* AppDelegate.swift */,
				E6D6A6602A644E650013F7C9 /* SceneDelegate.swift */,
				E6D6A6622A644E650013F7C9 /* ViewController.swift */,
				E6D6A6672A644E670013F7C9 /* Assets.xcassets */,
				E6D6A6692A644E670013F7C9 /* LaunchScreen.storyboard */,
				E6D6A66C2A644E670013F7C9 /* Info.plist */,
				E6D6A6722A644E8A0013F7C9 /* AppCoordinator.swift */,
				E6D6A6742A644EA30013F7C9 /* Coordinator.swift */,
				E6D6A6852A6458CF0013F7C9 /* ViewModel.swift */,
			);
			path = MVVMCExample;
			sourceTree = "<group>";
		};
		E6D6A6872A6462B80013F7C9 /* AuthCoordinator */ = {
			isa = PBXGroup;
			children = (
				E6D6A6642A644E650013F7C9 /* Auth.storyboard */,
				E6D6A6882A6462D20013F7C9 /* AuthCoordinator.swift */,
			);
			path = AuthCoordinator;
			sourceTree = "<group>";
		};
		E6D6A68A2A646ACD0013F7C9 /* HomeCoordinator */ = {
			isa = PBXGroup;
			children = (
				E6D6A68B2A646ADF0013F7C9 /* HomeCoordinator.swift */,
				E6D6A68D2A646BA50013F7C9 /* HomeViewModel.swift */,
				E6D6A68F2A646E530013F7C9 /* Home.storyboard */,
				E6D6A6912A646E6B0013F7C9 /* HomeViewController.swift */,
			);
			path = HomeCoordinator;
			sourceTree = "<group>";
		};
/* End PBXGroup section */

/* Begin PBXNativeTarget section */
		E6D6A65A2A644E650013F7C9 /* MVVMCExample */ = {
			isa = PBXNativeTarget;
			buildConfigurationList = E6D6A66F2A644E670013F7C9 /* Build configuration list for PBXNativeTarget "MVVMCExample" */;
			buildPhases = (
				E6D6A6572A644E650013F7C9 /* Sources */,
				E6D6A6582A644E650013F7C9 /* Frameworks */,
				E6D6A6592A644E650013F7C9 /* Resources */,
			);
			buildRules = (
			);
			dependencies = (
			);
			name = MVVMCExample;
			productName = MVVMCExample;
			productReference = E6D6A65B2A644E650013F7C9 /* MVVMCExample.app */;
			productType = "com.apple.product-type.application";
		};
/* End PBXNativeTarget section */

/* Begin PBXProject section */
		E6D6A6532A644E650013F7C9 /* Project object */ = {
			isa = PBXProject;
			attributes = {
				BuildIndependentTargetsInParallel = 1;
				LastSwiftUpdateCheck = 1420;
				LastUpgradeCheck = 1420;
				TargetAttributes = {
					E6D6A65A2A644E650013F7C9 = {
						CreatedOnToolsVersion = 14.2;
					};
				};
			};
			buildConfigurationList = E6D6A6562A644E650013F7C9 /* Build configuration list for PBXProject "MVVMCExample" */;
			compatibilityVersion = "Xcode 14.0";
			developmentRegion = en;
			hasScannedForEncodings = 0;
			knownRegions = (
				en,
				Base,
			);
			mainGroup = E6D6A6522A644E650013F7C9;
			productRefGroup = E6D6A65C2A644E650013F7C9 /* Products */;
			projectDirPath = "";
			projectRoot = "";
			targets = (
				E6D6A65A2A644E650013F7C9 /* MVVMCExample */,
			);
		};
/* End PBXProject section */

/* Begin PBXResourcesBuildPhase section */
		E6D6A6592A644E650013F7C9 /* Resources */ = {
			isa = PBXResourcesBuildPhase;
			buildActionMask = 2147483647;
			files = (
				E6D6A66B2A644E670013F7C9 /* LaunchScreen.storyboard in Resources */,
				E6D6A6682A644E670013F7C9 /* Assets.xcassets in Resources */,
				E6D6A6662A644E650013F7C9 /* Auth.storyboard in Resources */,
				E6D6A6902A646E530013F7C9 /* Home.storyboard in Resources */,
			);
			runOnlyForDeploymentPostprocessing = 0;
		};
/* End PBXResourcesBuildPhase section */

/* Begin PBXSourcesBuildPhase section */
		E6D6A6572A644E650013F7C9 /* Sources */ = {
			isa = PBXSourcesBuildPhase;
			buildActionMask = 2147483647;
			files = (
				E6D6A6732A644E8A0013F7C9 /* AppCoordinator.swift in Sources */,
				E6D6A68E2A646BA50013F7C9 /* HomeViewModel.swift in Sources */,
				E6D6A6632A644E650013F7C9 /* ViewController.swift in Sources */,
				E6D6A6752A644EA30013F7C9 /* Coordinator.swift in Sources */,
				E6D6A65F2A644E650013F7C9 /* AppDelegate.swift in Sources */,
				E6D6A6922A646E6B0013F7C9 /* HomeViewController.swift in Sources */,
				E6D6A6892A6462D20013F7C9 /* AuthCoordinator.swift in Sources */,
				E6D6A68C2A646ADF0013F7C9 /* HomeCoordinator.swift in Sources */,
				E6D6A6862A6458CF0013F7C9 /* ViewModel.swift in Sources */,
				E6D6A6612A644E650013F7C9 /* SceneDelegate.swift in Sources */,
			);
			runOnlyForDeploymentPostprocessing = 0;
		};
/* End PBXSourcesBuildPhase section */

/* Begin PBXVariantGroup section */
		E6D6A6642A644E650013F7C9 /* Auth.storyboard */ = {
			isa = PBXVariantGroup;
			children = (
				E6D6A6652A644E650013F7C9 /* Base */,
			);
			name = Auth.storyboard;
			sourceTree = "<group>";
		};
		E6D6A6692A644E670013F7C9 /* LaunchScreen.storyboard */ = {
			isa = PBXVariantGroup;
			children = (
				E6D6A66A2A644E670013F7C9 /* Base */,
			);
			name = LaunchScreen.storyboard;
			sourceTree = "<group>";
		};
/* End PBXVariantGroup section */

/* Begin XCBuildConfiguration section */
		E6D6A66D2A644E670013F7C9 /* Debug */ = {
			isa = XCBuildConfiguration;
			buildSettings = {
				ALWAYS_SEARCH_USER_PATHS = NO;
				CLANG_ANALYZER_NONNULL = YES;
				CLANG_ANALYZER_NUMBER_OBJECT_CONVERSION = YES_AGGRESSIVE;
				CLANG_CXX_LANGUAGE_STANDARD = "gnu++20";
				CLANG_ENABLE_MODULES = YES;
				CLANG_ENABLE_OBJC_ARC = YES;
				CLANG_ENABLE_OBJC_WEAK = YES;
				CLANG_WARN_BLOCK_CAPTURE_AUTORELEASING = YES;
				CLANG_WARN_BOOL_CONVERSION = YES;
				CLANG_WARN_COMMA = YES;
				CLANG_WARN_CONSTANT_CONVERSION = YES;
				CLANG_WARN_DEPRECATED_OBJC_IMPLEMENTATIONS = YES;
				CLANG_WARN_DIRECT_OBJC_ISA_USAGE = YES_ERROR;
				CLANG_WARN_DOCUMENTATION_COMMENTS = YES;
				CLANG_WARN_EMPTY_BODY = YES;
				CLANG_WARN_ENUM_CONVERSION = YES;
				CLANG_WARN_INFINITE_RECURSION = YES;
				CLANG_WARN_INT_CONVERSION = YES;
				CLANG_WARN_NON_LITERAL_NULL_CONVERSION = YES;
				CLANG_WARN_OBJC_IMPLICIT_RETAIN_SELF = YES;
				CLANG_WARN_OBJC_LITERAL_CONVERSION = YES;
				CLANG_WARN_OBJC_ROOT_CLASS = YES_ERROR;
				CLANG_WARN_QUOTED_INCLUDE_IN_FRAMEWORK_HEADER = YES;
				CLANG_WARN_RANGE_LOOP_ANALYSIS = YES;
				CLANG_WARN_STRICT_PROTOTYPES = YES;
				CLANG_WARN_SUSPICIOUS_MOVE = YES;
				CLANG_WARN_UNGUARDED_AVAILABILITY = YES_AGGRESSIVE;
				CLANG_WARN_UNREACHABLE_CODE = YES;
				CLANG_WARN__DUPLICATE_METHOD_MATCH = YES;
				COPY_PHASE_STRIP = NO;
				DEBUG_INFORMATION_FORMAT = dwarf;
				ENABLE_STRICT_OBJC_MSGSEND = YES;
				ENABLE_TESTABILITY = YES;
				GCC_C_LANGUAGE_STANDARD = gnu11;
				GCC_DYNAMIC_NO_PIC = NO;
				GCC_NO_COMMON_BLOCKS = YES;
				GCC_OPTIMIZATION_LEVEL = 0;
				GCC_PREPROCESSOR_DEFINITIONS = (
					"DEBUG=1",
					"$(inherited)",
				);
				GCC_WARN_64_TO_32_BIT_CONVERSION = YES;
				GCC_WARN_ABOUT_RETURN_TYPE = YES_ERROR;
				GCC_WARN_UNDECLARED_SELECTOR = YES;
				GCC_WARN_UNINITIALIZED_AUTOS = YES_AGGRESSIVE;
				GCC_WARN_UNUSED_FUNCTION = YES;
				GCC_WARN_UNUSED_VARIABLE = YES;
				IPHONEOS_DEPLOYMENT_TARGET = 16.2;
				MTL_ENABLE_DEBUG_INFO = INCLUDE_SOURCE;
				MTL_FAST_MATH = YES;
				ONLY_ACTIVE_ARCH = YES;
				SDKROOT = iphoneos;
				SWIFT_ACTIVE_COMPILATION_CONDITIONS = DEBUG;
				SWIFT_OPTIMIZATION_LEVEL = "-Onone";
			};
			name = Debug;
		};
		E6D6A66E2A644E670013F7C9 /* Release */ = {
			isa = XCBuildConfiguration;
			buildSettings = {
				ALWAYS_SEARCH_USER_PATHS = NO;
				CLANG_ANALYZER_NONNULL = YES;
				CLANG_ANALYZER_NUMBER_OBJECT_CONVERSION = YES_AGGRESSIVE;
				CLANG_CXX_LANGUAGE_STANDARD = "gnu++20";
				CLANG_ENABLE_MODULES = YES;
				CLANG_ENABLE_OBJC_ARC = YES;
				CLANG_ENABLE_OBJC_WEAK = YES;
				CLANG_WARN_BLOCK_CAPTURE_AUTORELEASING = YES;
				CLANG_WARN_BOOL_CONVERSION = YES;
				CLANG_WARN_COMMA = YES;
				CLANG_WARN_CONSTANT_CONVERSION = YES;
				CLANG_WARN_DEPRECATED_OBJC_IMPLEMENTATIONS = YES;
				CLANG_WARN_DIRECT_OBJC_ISA_USAGE = YES_ERROR;
				CLANG_WARN_DOCUMENTATION_COMMENTS = YES;
				CLANG_WARN_EMPTY_BODY = YES;
				CLANG_WARN_ENUM_CONVERSION = YES;
				CLANG_WARN_INFINITE_RECURSION = YES;
				CLANG_WARN_INT_CONVERSION = YES;
				CLANG_WARN_NON_LITERAL_NULL_CONVERSION = YES;
				CLANG_WARN_OBJC_IMPLICIT_RETAIN_SELF = YES;
				CLANG_WARN_OBJC_LITERAL_CONVERSION = YES;
				CLANG_WARN_OBJC_ROOT_CLASS = YES_ERROR;
				CLANG_WARN_QUOTED_INCLUDE_IN_FRAMEWORK_HEADER = YES;
				CLANG_WARN_RANGE_LOOP_ANALYSIS = YES;
				CLANG_WARN_STRICT_PROTOTYPES = YES;
				CLANG_WARN_SUSPICIOUS_MOVE = YES;
				CLANG_WARN_UNGUARDED_AVAILABILITY = YES_AGGRESSIVE;
				CLANG_WARN_UNREACHABLE_CODE = YES;
				CLANG_WARN__DUPLICATE_METHOD_MATCH = YES;
				COPY_PHASE_STRIP = NO;
				DEBUG_INFORMATION_FORMAT = "dwarf-with-dsym";
				ENABLE_NS_ASSERTIONS = NO;
				ENABLE_STRICT_OBJC_MSGSEND = YES;
				GCC_C_LANGUAGE_STANDARD = gnu11;
				GCC_NO_COMMON_BLOCKS = YES;
				GCC_WARN_64_TO_32_BIT_CONVERSION = YES;
				GCC_WARN_ABOUT_RETURN_TYPE = YES_ERROR;
				GCC_WARN_UNDECLARED_SELECTOR = YES;
				GCC_WARN_UNINITIALIZED_AUTOS = YES_AGGRESSIVE;
				GCC_WARN_UNUSED_FUNCTION = YES;
				GCC_WARN_UNUSED_VARIABLE = YES;
				IPHONEOS_DEPLOYMENT_TARGET = 16.2;
				MTL_ENABLE_DEBUG_INFO = NO;
				MTL_FAST_MATH = YES;
				SDKROOT = iphoneos;
				SWIFT_COMPILATION_MODE = wholemodule;
				SWIFT_OPTIMIZATION_LEVEL = "-O";
				VALIDATE_PRODUCT = YES;
			};
			name = Release;
		};
		E6D6A6702A644E670013F7C9 /* Debug */ = {
			isa = XCBuildConfiguration;
			buildSettings = {
				ASSETCATALOG_COMPILER_APPICON_NAME = AppIcon;
				ASSETCATALOG_COMPILER_GLOBAL_ACCENT_COLOR_NAME = AccentColor;
				CODE_SIGN_STYLE = Automatic;
				CURRENT_PROJECT_VERSION = 1;
				DEVELOPMENT_TEAM = VY9FRH555S;
				GENERATE_INFOPLIST_FILE = YES;
				INFOPLIST_FILE = MVVMCExample/Info.plist;
				INFOPLIST_KEY_UIApplicationSupportsIndirectInputEvents = YES;
				INFOPLIST_KEY_UILaunchStoryboardName = LaunchScreen;
				INFOPLIST_KEY_UIMainStoryboardFile = Auth;
				INFOPLIST_KEY_UISupportedInterfaceOrientations_iPad = "UIInterfaceOrientationPortrait UIInterfaceOrientationPortraitUpsideDown UIInterfaceOrientationLandscapeLeft UIInterfaceOrientationLandscapeRight";
				INFOPLIST_KEY_UISupportedInterfaceOrientations_iPhone = "UIInterfaceOrientationPortrait UIInterfaceOrientationLandscapeLeft UIInterfaceOrientationLandscapeRight";
				LD_RUNPATH_SEARCH_PATHS = (
					"$(inherited)",
					"@executable_path/Frameworks",
				);
				MARKETING_VERSION = 1.0;
				PRODUCT_BUNDLE_IDENTIFIER = ryan.MVVMCExample;
				PRODUCT_NAME = "$(TARGET_NAME)";
				SWIFT_EMIT_LOC_STRINGS = YES;
				SWIFT_VERSION = 5.0;
				TARGETED_DEVICE_FAMILY = "1,2";
			};
			name = Debug;
		};
		E6D6A6712A644E670013F7C9 /* Release */ = {
			isa = XCBuildConfiguration;
			buildSettings = {
				ASSETCATALOG_COMPILER_APPICON_NAME = AppIcon;
				ASSETCATALOG_COMPILER_GLOBAL_ACCENT_COLOR_NAME = AccentColor;
				CODE_SIGN_STYLE = Automatic;
				CURRENT_PROJECT_VERSION = 1;
				DEVELOPMENT_TEAM = VY9FRH555S;
				GENERATE_INFOPLIST_FILE = YES;
				INFOPLIST_FILE = MVVMCExample/Info.plist;
				INFOPLIST_KEY_UIApplicationSupportsIndirectInputEvents = YES;
				INFOPLIST_KEY_UILaunchStoryboardName = LaunchScreen;
				INFOPLIST_KEY_UIMainStoryboardFile = Auth;
				INFOPLIST_KEY_UISupportedInterfaceOrientations_iPad = "UIInterfaceOrientationPortrait UIInterfaceOrientationPortraitUpsideDown UIInterfaceOrientationLandscapeLeft UIInterfaceOrientationLandscapeRight";
				INFOPLIST_KEY_UISupportedInterfaceOrientations_iPhone = "UIInterfaceOrientationPortrait UIInterfaceOrientationLandscapeLeft UIInterfaceOrientationLandscapeRight";
				LD_RUNPATH_SEARCH_PATHS = (
					"$(inherited)",
					"@executable_path/Frameworks",
				);
				MARKETING_VERSION = 1.0;
				PRODUCT_BUNDLE_IDENTIFIER = ryan.MVVMCExample;
				PRODUCT_NAME = "$(TARGET_NAME)";
				SWIFT_EMIT_LOC_STRINGS = YES;
				SWIFT_VERSION = 5.0;
				TARGETED_DEVICE_FAMILY = "1,2";
			};
			name = Release;
		};
/* End XCBuildConfiguration section */

/* Begin XCConfigurationList section */
		E6D6A6562A644E650013F7C9 /* Build configuration list for PBXProject "MVVMCExample" */ = {
			isa = XCConfigurationList;
			buildConfigurations = (
				E6D6A66D2A644E670013F7C9 /* Debug */,
				E6D6A66E2A644E670013F7C9 /* Release */,
			);
			defaultConfigurationIsVisible = 0;
			defaultConfigurationName = Release;
		};
		E6D6A66F2A644E670013F7C9 /* Build configuration list for PBXNativeTarget "MVVMCExample" */ = {
			isa = XCConfigurationList;
			buildConfigurations = (
				E6D6A6702A644E670013F7C9 /* Debug */,
				E6D6A6712A644E670013F7C9 /* Release */,
			);
			defaultConfigurationIsVisible = 0;
			defaultConfigurationName = Release;
		};
/* End XCConfigurationList section */
	};
	rootObject = E6D6A6532A644E650013F7C9 /* Project object */;
}
